
Microsoft Visual Studio Solution File, Format Version 12.00
# Visual Studio Version 16
VisualStudioVersion = 16.0.30413.136
MinimumVisualStudioVersion = 10.0.40219.1
Project("{FAE04EC0-301F-11D3-BF4B-00C04F79EFBC}") = "Meotdy09-14GitHub", "Meotdy09-14GitHub.csproj", "{54F8E8E9-B0C7-46D5-A964-A00CDC19E5DF}"
EndProject
Global
	GlobalSection(SolutionConfigurationPlatforms) = preSolution
		Debug|Any CPU = Debug|Any CPU
		Release|Any CPU = Release|Any CPU
	EndGlobalSection
	GlobalSection(ProjectConfigurationPlatforms) = postSolution
		{54F8E8E9-B0C7-46D5-A964-A00CDC19E5DF}.Debug|Any CPU.ActiveCfg = Debug|Any CPU
		{54F8E8E9-B0C7-46D5-A964-A00CDC19E5DF}.Debug|Any CPU.Build.0 = Debug|Any CPU
		{54F8E8E9-B0C7-46D5-A964-A00CDC19E5DF}.Release|Any CPU.ActiveCfg = Release|Any CPU
		{54F8E8E9-B0C7-46D5-A964-A00CDC19E5DF}.Release|Any CPU.Build.0 = Release|Any CPU
	EndGlobalSection
	GlobalSection(SolutionProperties) = preSolution
		HideSolutionNode = FALSE
	EndGlobalSection
	GlobalSection(ExtensibilityGlobals) = postSolution
		SolutionGuid = {65A7D4FA-3623-4B18-BAF7-3A8AA1924CC7}
	EndGlobalSection
EndGlobal
